
Microsoft Visual Studio Solution File, Format Version 12.00
# Visual Studio 15
VisualStudioVersion = 15.0.26228.17
MinimumVisualStudioVersion = 10.0.40219.1
Project("{FAE04EC0-301F-11D3-BF4B-00C04F79EFBC}") = "SqlEntity", "SqlEntity\SqlEntity.csproj", "{DF17A089-B673-4FC3-9E57-46CEBF3E7441}"
EndProject
Project("{FAE04EC0-301F-11D3-BF4B-00C04F79EFBC}") = "InsertAppointment", "InsertAppointment\InsertAppointment.csproj", "{D2C51BCD-5C30-457D-8D2E-C7DAA640D165}"
EndProject
Project("{FAE04EC0-301F-11D3-BF4B-00C04F79EFBC}") = "Angular2App", "Angular2App\Angular2App.csproj", "{4B924D8E-9880-4128-A5E9-A09DDF752DDF}"
EndProject
Global
	GlobalSection(SolutionConfigurationPlatforms) = preSolution
		Debug|Any CPU = Debug|Any CPU
		Release|Any CPU = Release|Any CPU
	EndGlobalSection
	GlobalSection(ProjectConfigurationPlatforms) = postSolution
		{DF17A089-B673-4FC3-9E57-46CEBF3E7441}.Debug|Any CPU.ActiveCfg = Debug|Any CPU
		{DF17A089-B673-4FC3-9E57-46CEBF3E7441}.Debug|Any CPU.Build.0 = Debug|Any CPU
		{DF17A089-B673-4FC3-9E57-46CEBF3E7441}.Release|Any CPU.ActiveCfg = Release|Any CPU
		{DF17A089-B673-4FC3-9E57-46CEBF3E7441}.Release|Any CPU.Build.0 = Release|Any CPU
		{D2C51BCD-5C30-457D-8D2E-C7DAA640D165}.Debug|Any CPU.ActiveCfg = Debug|Any CPU
		{D2C51BCD-5C30-457D-8D2E-C7DAA640D165}.Debug|Any CPU.Build.0 = Debug|Any CPU
		{D2C51BCD-5C30-457D-8D2E-C7DAA640D165}.Release|Any CPU.ActiveCfg = Release|Any CPU
		{D2C51BCD-5C30-457D-8D2E-C7DAA640D165}.Release|Any CPU.Build.0 = Release|Any CPU
		{4B924D8E-9880-4128-A5E9-A09DDF752DDF}.Debug|Any CPU.ActiveCfg = Debug|Any CPU
		{4B924D8E-9880-4128-A5E9-A09DDF752DDF}.Debug|Any CPU.Build.0 = Debug|Any CPU
		{4B924D8E-9880-4128-A5E9-A09DDF752DDF}.Release|Any CPU.ActiveCfg = Release|Any CPU
		{4B924D8E-9880-4128-A5E9-A09DDF752DDF}.Release|Any CPU.Build.0 = Release|Any CPU
	EndGlobalSection
	GlobalSection(SolutionProperties) = preSolution
		HideSolutionNode = FALSE
	EndGlobalSection
EndGlobal
